// !$*UTF8*$!
{
	archiveVersion = 1;
	classes = {
	};
	objectVersion = 50;
	objects = {

/* Begin PBXBuildFile section */
		22103B07220EEB6A009CE3D3 /* CustomTextField.swift in Sources */ = {isa = PBXBuildFile; fileRef = 22103B06220EEB6A009CE3D3 /* CustomTextField.swift */; };
		223009AE22056EE8003090A7 /* CustomView.swift in Sources */ = {isa = PBXBuildFile; fileRef = 223009AD22056EE8003090A7 /* CustomView.swift */; };
		223A186221EBAE8A004714D5 /* Register.swift in Sources */ = {isa = PBXBuildFile; fileRef = 223A186121EBAE8A004714D5 /* Register.swift */; };
		223A186421EBAEBF004714D5 /* LoginVC.swift in Sources */ = {isa = PBXBuildFile; fileRef = 223A186321EBAEBF004714D5 /* LoginVC.swift */; };
		223A186721EBB1C1004714D5 /* GlobalConstant.swift in Sources */ = {isa = PBXBuildFile; fileRef = 223A186621EBB1C1004714D5 /* GlobalConstant.swift */; };
		223A186A21EBB322004714D5 /* Extensions.swift in Sources */ = {isa = PBXBuildFile; fileRef = 223A186921EBB322004714D5 /* Extensions.swift */; };
		223A186C21EBB5BD004714D5 /* Utility.swift in Sources */ = {isa = PBXBuildFile; fileRef = 223A186B21EBB5BD004714D5 /* Utility.swift */; };
		223A186E21EBBB81004714D5 /* User.swift in Sources */ = {isa = PBXBuildFile; fileRef = 223A186D21EBBB81004714D5 /* User.swift */; };
		2251429022041FFB00880F04 /* Group.swift in Sources */ = {isa = PBXBuildFile; fileRef = 2251428F22041FFB00880F04 /* Group.swift */; };
		2253F988220382C600FF1AA8 /* CreateGroup.swift in Sources */ = {isa = PBXBuildFile; fileRef = 2253F987220382C600FF1AA8 /* CreateGroup.swift */; };
		2253F98A220382D600FF1AA8 /* JoinGroup.swift in Sources */ = {isa = PBXBuildFile; fileRef = 2253F989220382D600FF1AA8 /* JoinGroup.swift */; };
		227065C521EDC6FA00FAA2B8 /* MyChatCell.swift in Sources */ = {isa = PBXBuildFile; fileRef = 227065C321EDC6FA00FAA2B8 /* MyChatCell.swift */; };
		227065C621EDC6FA00FAA2B8 /* MyChatCell.xib in Resources */ = {isa = PBXBuildFile; fileRef = 227065C421EDC6FA00FAA2B8 /* MyChatCell.xib */; };
		2278F6B921ED1AF800DF524B /* CustomTabBarView.xib in Resources */ = {isa = PBXBuildFile; fileRef = 2278F6B621ED1AF800DF524B /* CustomTabBarView.xib */; };
		2278F6BA21ED1AF800DF524B /* CustomTabBarView.swift in Sources */ = {isa = PBXBuildFile; fileRef = 2278F6B721ED1AF800DF524B /* CustomTabBarView.swift */; };
		2278F6BB21ED1AF800DF524B /* CustomTabBarController.swift in Sources */ = {isa = PBXBuildFile; fileRef = 2278F6B821ED1AF800DF524B /* CustomTabBarController.swift */; };
		2278F6BD21ED1B3000DF524B /* Home.storyboard in Resources */ = {isa = PBXBuildFile; fileRef = 2278F6BC21ED1B3000DF524B /* Home.storyboard */; };
		2278F6BF21ED1B6B00DF524B /* MyChat.storyboard in Resources */ = {isa = PBXBuildFile; fileRef = 2278F6BE21ED1B6B00DF524B /* MyChat.storyboard */; };
		2278F6C121ED1B8200DF524B /* GroupChat.storyboard in Resources */ = {isa = PBXBuildFile; fileRef = 2278F6C021ED1B8200DF524B /* GroupChat.storyboard */; };
		2278F6C321ED1B9800DF524B /* Settings.storyboard in Resources */ = {isa = PBXBuildFile; fileRef = 2278F6C221ED1B9800DF524B /* Settings.storyboard */; };
		2278F6C521ED236800DF524B /* Home.swift in Sources */ = {isa = PBXBuildFile; fileRef = 2278F6C421ED236800DF524B /* Home.swift */; };
		2278F6C721ED237600DF524B /* MyChat.swift in Sources */ = {isa = PBXBuildFile; fileRef = 2278F6C621ED237600DF524B /* MyChat.swift */; };
		2278F6C921ED238400DF524B /* GroupChat.swift in Sources */ = {isa = PBXBuildFile; fileRef = 2278F6C821ED238400DF524B /* GroupChat.swift */; };
		2278F6CB21ED239400DF524B /* Settings.swift in Sources */ = {isa = PBXBuildFile; fileRef = 2278F6CA21ED239400DF524B /* Settings.swift */; };
		2293543E21E25E7D000AC927 /* AppDelegate.swift in Sources */ = {isa = PBXBuildFile; fileRef = 2293543D21E25E7D000AC927 /* AppDelegate.swift */; };
		2293544021E25E7D000AC927 /* ViewController.swift in Sources */ = {isa = PBXBuildFile; fileRef = 2293543F21E25E7D000AC927 /* ViewController.swift */; };
		2293544321E25E7D000AC927 /* Main.storyboard in Resources */ = {isa = PBXBuildFile; fileRef = 2293544121E25E7D000AC927 /* Main.storyboard */; };
		2293544521E25E80000AC927 /* Assets.xcassets in Resources */ = {isa = PBXBuildFile; fileRef = 2293544421E25E80000AC927 /* Assets.xcassets */; };
		2293544821E25E80000AC927 /* LaunchScreen.storyboard in Resources */ = {isa = PBXBuildFile; fileRef = 2293544621E25E80000AC927 /* LaunchScreen.storyboard */; };
		2293545321E25E80000AC927 /* EASYTests.swift in Sources */ = {isa = PBXBuildFile; fileRef = 2293545221E25E80000AC927 /* EASYTests.swift */; };
		2293545E21E25E80000AC927 /* EASYUITests.swift in Sources */ = {isa = PBXBuildFile; fileRef = 2293545D21E25E80000AC927 /* EASYUITests.swift */; };
		2293546C21E26355000AC927 /* GoogleService-Info.plist in Resources */ = {isa = PBXBuildFile; fileRef = 2293546B21E26355000AC927 /* GoogleService-Info.plist */; };
		22F35ED221F104DA00C215BF /* ChatController.swift in Sources */ = {isa = PBXBuildFile; fileRef = 22F35ED121F104DA00C215BF /* ChatController.swift */; };
		78F2AB995DD16BA4B417FF8E /* Pods_EASYTests.framework in Frameworks */ = {isa = PBXBuildFile; fileRef = C25CCF48CFB67A478F55A54C /* Pods_EASYTests.framework */; };
		9DD37F518423D0A8BFF36FA6 /* Pods_EASYUITests.framework in Frameworks */ = {isa = PBXBuildFile; fileRef = 8FAE0B760F00ED0A354EFBDF /* Pods_EASYUITests.framework */; };
		E9D5E75BDE852DC37080AB61 /* Pods_EASY.framework in Frameworks */ = {isa = PBXBuildFile; fileRef = 35EB8354196583980EADC176 /* Pods_EASY.framework */; };
/* End PBXBuildFile section */

/* Begin PBXContainerItemProxy section */
		2293544F21E25E80000AC927 /* PBXContainerItemProxy */ = {
			isa = PBXContainerItemProxy;
			containerPortal = 2293543221E25E7D000AC927 /* Project object */;
			proxyType = 1;
			remoteGlobalIDString = 2293543921E25E7D000AC927;
			remoteInfo = EASY;
		};
		2293545A21E25E80000AC927 /* PBXContainerItemProxy */ = {
			isa = PBXContainerItemProxy;
			containerPortal = 2293543221E25E7D000AC927 /* Project object */;
			proxyType = 1;
			remoteGlobalIDString = 2293543921E25E7D000AC927;
			remoteInfo = EASY;
		};
/* End PBXContainerItemProxy section */

/* Begin PBXFileReference section */
		22103B06220EEB6A009CE3D3 /* CustomTextField.swift */ = {isa = PBXFileReference; lastKnownFileType = sourcecode.swift; path = CustomTextField.swift; sourceTree = "<group>"; };
		223009AD22056EE8003090A7 /* CustomView.swift */ = {isa = PBXFileReference; lastKnownFileType = sourcecode.swift; path = CustomView.swift; sourceTree = "<group>"; };
		223A186121EBAE8A004714D5 /* Register.swift */ = {isa = PBXFileReference; lastKnownFileType = sourcecode.swift; path = Register.swift; sourceTree = "<group>"; };
		223A186321EBAEBF004714D5 /* LoginVC.swift */ = {isa = PBXFileReference; lastKnownFileType = sourcecode.swift; path = LoginVC.swift; sourceTree = "<group>"; };
		223A186621EBB1C1004714D5 /* GlobalConstant.swift */ = {isa = PBXFileReference; lastKnownFileType = sourcecode.swift; path = GlobalConstant.swift; sourceTree = "<group>"; };
		223A186921EBB322004714D5 /* Extensions.swift */ = {isa = PBXFileReference; lastKnownFileType = sourcecode.swift; path = Extensions.swift; sourceTree = "<group>"; };
		223A186B21EBB5BD004714D5 /* Utility.swift */ = {isa = PBXFileReference; lastKnownFileType = sourcecode.swift; path = Utility.swift; sourceTree = "<group>"; };
		223A186D21EBBB81004714D5 /* User.swift */ = {isa = PBXFileReference; lastKnownFileType = sourcecode.swift; path = User.swift; sourceTree = "<group>"; };
		2251428F22041FFB00880F04 /* Group.swift */ = {isa = PBXFileReference; lastKnownFileType = sourcecode.swift; path = Group.swift; sourceTree = "<group>"; };
		2253F987220382C600FF1AA8 /* CreateGroup.swift */ = {isa = PBXFileReference; lastKnownFileType = sourcecode.swift; path = CreateGroup.swift; sourceTree = "<group>"; };
		2253F989220382D600FF1AA8 /* JoinGroup.swift */ = {isa = PBXFileReference; lastKnownFileType = sourcecode.swift; path = JoinGroup.swift; sourceTree = "<group>"; };
		227065C321EDC6FA00FAA2B8 /* MyChatCell.swift */ = {isa = PBXFileReference; lastKnownFileType = sourcecode.swift; path = MyChatCell.swift; sourceTree = "<group>"; };
		227065C421EDC6FA00FAA2B8 /* MyChatCell.xib */ = {isa = PBXFileReference; lastKnownFileType = file.xib; path = MyChatCell.xib; sourceTree = "<group>"; };
		2278F6B621ED1AF800DF524B /* CustomTabBarView.xib */ = {isa = PBXFileReference; fileEncoding = 4; lastKnownFileType = file.xib; path = CustomTabBarView.xib; sourceTree = "<group>"; };
		2278F6B721ED1AF800DF524B /* CustomTabBarView.swift */ = {isa = PBXFileReference; fileEncoding = 4; lastKnownFileType = sourcecode.swift; path = CustomTabBarView.swift; sourceTree = "<group>"; };
		2278F6B821ED1AF800DF524B /* CustomTabBarController.swift */ = {isa = PBXFileReference; fileEncoding = 4; lastKnownFileType = sourcecode.swift; path = CustomTabBarController.swift; sourceTree = "<group>"; };
		2278F6BC21ED1B3000DF524B /* Home.storyboard */ = {isa = PBXFileReference; lastKnownFileType = file.storyboard; path = Home.storyboard; sourceTree = "<group>"; };
		2278F6BE21ED1B6B00DF524B /* MyChat.storyboard */ = {isa = PBXFileReference; lastKnownFileType = file.storyboard; path = MyChat.storyboard; sourceTree = "<group>"; };
		2278F6C021ED1B8200DF524B /* GroupChat.storyboard */ = {isa = PBXFileReference; lastKnownFileType = file.storyboard; path = GroupChat.storyboard; sourceTree = "<group>"; };
		2278F6C221ED1B9800DF524B /* Settings.storyboard */ = {isa = PBXFileReference; lastKnownFileType = file.storyboard; path = Settings.storyboard; sourceTree = "<group>"; };
		2278F6C421ED236800DF524B /* Home.swift */ = {isa = PBXFileReference; lastKnownFileType = sourcecode.swift; path = Home.swift; sourceTree = "<group>"; };
		2278F6C621ED237600DF524B /* MyChat.swift */ = {isa = PBXFileReference; lastKnownFileType = sourcecode.swift; path = MyChat.swift; sourceTree = "<group>"; };
		2278F6C821ED238400DF524B /* GroupChat.swift */ = {isa = PBXFileReference; lastKnownFileType = sourcecode.swift; path = GroupChat.swift; sourceTree = "<group>"; };
		2278F6CA21ED239400DF524B /* Settings.swift */ = {isa = PBXFileReference; lastKnownFileType = sourcecode.swift; path = Settings.swift; sourceTree = "<group>"; };
		2293543A21E25E7D000AC927 /* EASY.app */ = {isa = PBXFileReference; explicitFileType = wrapper.application; includeInIndex = 0; path = EASY.app; sourceTree = BUILT_PRODUCTS_DIR; };
		2293543D21E25E7D000AC927 /* AppDelegate.swift */ = {isa = PBXFileReference; lastKnownFileType = sourcecode.swift; path = AppDelegate.swift; sourceTree = "<group>"; };
		2293543F21E25E7D000AC927 /* ViewController.swift */ = {isa = PBXFileReference; lastKnownFileType = sourcecode.swift; path = ViewController.swift; sourceTree = "<group>"; };
		2293544221E25E7D000AC927 /* Base */ = {isa = PBXFileReference; lastKnownFileType = file.storyboard; name = Base; path = Base.lproj/Main.storyboard; sourceTree = "<group>"; };
		2293544421E25E80000AC927 /* Assets.xcassets */ = {isa = PBXFileReference; lastKnownFileType = folder.assetcatalog; path = Assets.xcassets; sourceTree = "<group>"; };
		2293544721E25E80000AC927 /* Base */ = {isa = PBXFileReference; lastKnownFileType = file.storyboard; name = Base; path = Base.lproj/LaunchScreen.storyboard; sourceTree = "<group>"; };
		2293544921E25E80000AC927 /* Info.plist */ = {isa = PBXFileReference; lastKnownFileType = text.plist.xml; path = Info.plist; sourceTree = "<group>"; };
		2293544E21E25E80000AC927 /* EASYTests.xctest */ = {isa = PBXFileReference; explicitFileType = wrapper.cfbundle; includeInIndex = 0; path = EASYTests.xctest; sourceTree = BUILT_PRODUCTS_DIR; };
		2293545221E25E80000AC927 /* EASYTests.swift */ = {isa = PBXFileReference; lastKnownFileType = sourcecode.swift; path = EASYTests.swift; sourceTree = "<group>"; };
		2293545421E25E80000AC927 /* Info.plist */ = {isa = PBXFileReference; lastKnownFileType = text.plist.xml; path = Info.plist; sourceTree = "<group>"; };
		2293545921E25E80000AC927 /* EASYUITests.xctest */ = {isa = PBXFileReference; explicitFileType = wrapper.cfbundle; includeInIndex = 0; path = EASYUITests.xctest; sourceTree = BUILT_PRODUCTS_DIR; };
		2293545D21E25E80000AC927 /* EASYUITests.swift */ = {isa = PBXFileReference; lastKnownFileType = sourcecode.swift; path = EASYUITests.swift; sourceTree = "<group>"; };
		2293545F21E25E80000AC927 /* Info.plist */ = {isa = PBXFileReference; lastKnownFileType = text.plist.xml; path = Info.plist; sourceTree = "<group>"; };
		2293546B21E26355000AC927 /* GoogleService-Info.plist */ = {isa = PBXFileReference; fileEncoding = 4; lastKnownFileType = text.plist.xml; path = "GoogleService-Info.plist"; sourceTree = "<group>"; };
		22F35ED121F104DA00C215BF /* ChatController.swift */ = {isa = PBXFileReference; lastKnownFileType = sourcecode.swift; path = ChatController.swift; sourceTree = "<group>"; };
		35EB8354196583980EADC176 /* Pods_EASY.framework */ = {isa = PBXFileReference; explicitFileType = wrapper.framework; includeInIndex = 0; path = Pods_EASY.framework; sourceTree = BUILT_PRODUCTS_DIR; };
		45519EA86E019E165059BC48 /* Pods-EASYTests.release.xcconfig */ = {isa = PBXFileReference; includeInIndex = 1; lastKnownFileType = text.xcconfig; name = "Pods-EASYTests.release.xcconfig"; path = "Pods/Target Support Files/Pods-EASYTests/Pods-EASYTests.release.xcconfig"; sourceTree = "<group>"; };
		46BBB7CFD6E160F702E84E36 /* Pods-EASYUITests.debug.xcconfig */ = {isa = PBXFileReference; includeInIndex = 1; lastKnownFileType = text.xcconfig; name = "Pods-EASYUITests.debug.xcconfig"; path = "Pods/Target Support Files/Pods-EASYUITests/Pods-EASYUITests.debug.xcconfig"; sourceTree = "<group>"; };
		8FAE0B760F00ED0A354EFBDF /* Pods_EASYUITests.framework */ = {isa = PBXFileReference; explicitFileType = wrapper.framework; includeInIndex = 0; path = Pods_EASYUITests.framework; sourceTree = BUILT_PRODUCTS_DIR; };
		946158E844F43EEA1AA185DC /* Pods-EASY.release.xcconfig */ = {isa = PBXFileReference; includeInIndex = 1; lastKnownFileType = text.xcconfig; name = "Pods-EASY.release.xcconfig"; path = "Pods/Target Support Files/Pods-EASY/Pods-EASY.release.xcconfig"; sourceTree = "<group>"; };
		9C0C496AFC5094DE0D77F655 /* Pods-EASYUITests.release.xcconfig */ = {isa = PBXFileReference; includeInIndex = 1; lastKnownFileType = text.xcconfig; name = "Pods-EASYUITests.release.xcconfig"; path = "Pods/Target Support Files/Pods-EASYUITests/Pods-EASYUITests.release.xcconfig"; sourceTree = "<group>"; };
		C25CCF48CFB67A478F55A54C /* Pods_EASYTests.framework */ = {isa = PBXFileReference; explicitFileType = wrapper.framework; includeInIndex = 0; path = Pods_EASYTests.framework; sourceTree = BUILT_PRODUCTS_DIR; };
		D69F02B5CAEB104A253EDC84 /* Pods-EASYTests.debug.xcconfig */ = {isa = PBXFileReference; includeInIndex = 1; lastKnownFileType = text.xcconfig; name = "Pods-EASYTests.debug.xcconfig"; path = "Pods/Target Support Files/Pods-EASYTests/Pods-EASYTests.debug.xcconfig"; sourceTree = "<group>"; };
		EA567D7BB5A50787232120D9 /* Pods-EASY.debug.xcconfig */ = {isa = PBXFileReference; includeInIndex = 1; lastKnownFileType = text.xcconfig; name = "Pods-EASY.debug.xcconfig"; path = "Pods/Target Support Files/Pods-EASY/Pods-EASY.debug.xcconfig"; sourceTree = "<group>"; };
/* End PBXFileReference section */

/* Begin PBXFrameworksBuildPhase section */
		2293543721E25E7D000AC927 /* Frameworks */ = {
			isa = PBXFrameworksBuildPhase;
			buildActionMask = 2147483647;
			files = (
				E9D5E75BDE852DC37080AB61 /* Pods_EASY.framework in Frameworks */,
			);
			runOnlyForDeploymentPostprocessing = 0;
		};
		2293544B21E25E80000AC927 /* Frameworks */ = {
			isa = PBXFrameworksBuildPhase;
			buildActionMask = 2147483647;
			files = (
				78F2AB995DD16BA4B417FF8E /* Pods_EASYTests.framework in Frameworks */,
			);
			runOnlyForDeploymentPostprocessing = 0;
		};
		2293545621E25E80000AC927 /* Frameworks */ = {
			isa = PBXFrameworksBuildPhase;
			buildActionMask = 2147483647;
			files = (
				9DD37F518423D0A8BFF36FA6 /* Pods_EASYUITests.framework in Frameworks */,
			);
			runOnlyForDeploymentPostprocessing = 0;
		};
/* End PBXFrameworksBuildPhase section */

/* Begin PBXGroup section */
		0A8091A71AB79491E4885866 /* Frameworks */ = {
			isa = PBXGroup;
			children = (
				35EB8354196583980EADC176 /* Pods_EASY.framework */,
				C25CCF48CFB67A478F55A54C /* Pods_EASYTests.framework */,
				8FAE0B760F00ED0A354EFBDF /* Pods_EASYUITests.framework */,
			);
			name = Frameworks;
			sourceTree = "<group>";
		};
		223A186521EBB0C8004714D5 /* ProjectHelper */ = {
			isa = PBXGroup;
			children = (
				223A186621EBB1C1004714D5 /* GlobalConstant.swift */,
				223A186B21EBB5BD004714D5 /* Utility.swift */,
				223009AD22056EE8003090A7 /* CustomView.swift */,
				22103B06220EEB6A009CE3D3 /* CustomTextField.swift */,
			);
			path = ProjectHelper;
			sourceTree = "<group>";
		};
		223A186821EBB2F0004714D5 /* Extensions */ = {
			isa = PBXGroup;
			children = (
				223A186921EBB322004714D5 /* Extensions.swift */,
			);
			path = Extensions;
			sourceTree = "<group>";
		};
		2242CF7B21EB9F60002809F8 /* Controller */ = {
			isa = PBXGroup;
			children = (
				22F35ED021F1049900C215BF /* Settings */,
				22F35ECF21F1048E00C215BF /* GroupChat */,
				22F35ECE21F1048500C215BF /* MyChat */,
				22F35ECD21F1047900C215BF /* Home */,
				22F35ECC21F1046600C215BF /* Main */,
			);
			path = Controller;
			sourceTree = "<group>";
		};
		2242CF7C21EB9F6A002809F8 /* View */ = {
			isa = PBXGroup;
			children = (
				2293544121E25E7D000AC927 /* Main.storyboard */,
				2278F6BC21ED1B3000DF524B /* Home.storyboard */,
				2278F6BE21ED1B6B00DF524B /* MyChat.storyboard */,
				2278F6C021ED1B8200DF524B /* GroupChat.storyboard */,
				2278F6C221ED1B9800DF524B /* Settings.storyboard */,
			);
			path = View;
			sourceTree = "<group>";
		};
		2242CF7D21EB9F73002809F8 /* Model */ = {
			isa = PBXGroup;
			children = (
				223A186D21EBBB81004714D5 /* User.swift */,
				2251428F22041FFB00880F04 /* Group.swift */,
			);
			path = Model;
			sourceTree = "<group>";
		};
		227065C221EDC69500FAA2B8 /* Xibs */ = {
			isa = PBXGroup;
			children = (
				227065C321EDC6FA00FAA2B8 /* MyChatCell.swift */,
				227065C421EDC6FA00FAA2B8 /* MyChatCell.xib */,
			);
			path = Xibs;
			sourceTree = "<group>";
		};
		2278F6B521ED1AF800DF524B /* CustomBottomBar */ = {
			isa = PBXGroup;
			children = (
				2278F6B621ED1AF800DF524B /* CustomTabBarView.xib */,
				2278F6B721ED1AF800DF524B /* CustomTabBarView.swift */,
				2278F6B821ED1AF800DF524B /* CustomTabBarController.swift */,
			);
			path = CustomBottomBar;
			sourceTree = "<group>";
		};
		2293543121E25E7D000AC927 = {
			isa = PBXGroup;
			children = (
				2293543C21E25E7D000AC927 /* EASY */,
				2293545121E25E80000AC927 /* EASYTests */,
				2293545C21E25E80000AC927 /* EASYUITests */,
				2293543B21E25E7D000AC927 /* Products */,
				546A9C92BB4E2536997C8FB7 /* Pods */,
				0A8091A71AB79491E4885866 /* Frameworks */,
			);
			sourceTree = "<group>";
		};
		2293543B21E25E7D000AC927 /* Products */ = {
			isa = PBXGroup;
			children = (
				2293543A21E25E7D000AC927 /* EASY.app */,
				2293544E21E25E80000AC927 /* EASYTests.xctest */,
				2293545921E25E80000AC927 /* EASYUITests.xctest */,
			);
			name = Products;
			sourceTree = "<group>";
		};
		2293543C21E25E7D000AC927 /* EASY */ = {
			isa = PBXGroup;
			children = (
				227065C221EDC69500FAA2B8 /* Xibs */,
				223A186821EBB2F0004714D5 /* Extensions */,
				223A186521EBB0C8004714D5 /* ProjectHelper */,
				2242CF7D21EB9F73002809F8 /* Model */,
				2242CF7C21EB9F6A002809F8 /* View */,
				2278F6B521ED1AF800DF524B /* CustomBottomBar */,
				2242CF7B21EB9F60002809F8 /* Controller */,
				2293543D21E25E7D000AC927 /* AppDelegate.swift */,
				2293543F21E25E7D000AC927 /* ViewController.swift */,
				2293544421E25E80000AC927 /* Assets.xcassets */,
				2293544621E25E80000AC927 /* LaunchScreen.storyboard */,
				2293544921E25E80000AC927 /* Info.plist */,
				2293546B21E26355000AC927 /* GoogleService-Info.plist */,
			);
			path = EASY;
			sourceTree = "<group>";
		};
		2293545121E25E80000AC927 /* EASYTests */ = {
			isa = PBXGroup;
			children = (
				2293545221E25E80000AC927 /* EASYTests.swift */,
				2293545421E25E80000AC927 /* Info.plist */,
			);
			path = EASYTests;
			sourceTree = "<group>";
		};
		2293545C21E25E80000AC927 /* EASYUITests */ = {
			isa = PBXGroup;
			children = (
				2293545D21E25E80000AC927 /* EASYUITests.swift */,
				2293545F21E25E80000AC927 /* Info.plist */,
			);
			path = EASYUITests;
			sourceTree = "<group>";
		};
		22F35ECC21F1046600C215BF /* Main */ = {
			isa = PBXGroup;
			children = (
				223A186121EBAE8A004714D5 /* Register.swift */,
				223A186321EBAEBF004714D5 /* LoginVC.swift */,
			);
			path = Main;
			sourceTree = "<group>";
		};
		22F35ECD21F1047900C215BF /* Home */ = {
			isa = PBXGroup;
			children = (
				2278F6C421ED236800DF524B /* Home.swift */,
				2253F987220382C600FF1AA8 /* CreateGroup.swift */,
				2253F989220382D600FF1AA8 /* JoinGroup.swift */,
			);
			path = Home;
			sourceTree = "<group>";
		};
		22F35ECE21F1048500C215BF /* MyChat */ = {
			isa = PBXGroup;
			children = (
				2278F6C621ED237600DF524B /* MyChat.swift */,
				22F35ED121F104DA00C215BF /* ChatController.swift */,
			);
			path = MyChat;
			sourceTree = "<group>";
		};
		22F35ECF21F1048E00C215BF /* GroupChat */ = {
			isa = PBXGroup;
			children = (
				2278F6C821ED238400DF524B /* GroupChat.swift */,
			);
			path = GroupChat;
			sourceTree = "<group>";
		};
		22F35ED021F1049900C215BF /* Settings */ = {
			isa = PBXGroup;
			children = (
				2278F6CA21ED239400DF524B /* Settings.swift */,
			);
			path = Settings;
			sourceTree = "<group>";
		};
		546A9C92BB4E2536997C8FB7 /* Pods */ = {
			isa = PBXGroup;
			children = (
				EA567D7BB5A50787232120D9 /* Pods-EASY.debug.xcconfig */,
				946158E844F43EEA1AA185DC /* Pods-EASY.release.xcconfig */,
				D69F02B5CAEB104A253EDC84 /* Pods-EASYTests.debug.xcconfig */,
				45519EA86E019E165059BC48 /* Pods-EASYTests.release.xcconfig */,
				46BBB7CFD6E160F702E84E36 /* Pods-EASYUITests.debug.xcconfig */,
				9C0C496AFC5094DE0D77F655 /* Pods-EASYUITests.release.xcconfig */,
			);
			name = Pods;
			sourceTree = "<group>";
		};
/* End PBXGroup section */

/* Begin PBXNativeTarget section */
		2293543921E25E7D000AC927 /* EASY */ = {
			isa = PBXNativeTarget;
			buildConfigurationList = 2293546221E25E80000AC927 /* Build configuration list for PBXNativeTarget "EASY" */;
			buildPhases = (
				4E1CC631BD9E6648A70B871D /* [CP] Check Pods Manifest.lock */,
				2293543621E25E7D000AC927 /* Sources */,
				2293543721E25E7D000AC927 /* Frameworks */,
				2293543821E25E7D000AC927 /* Resources */,
				A7B67A6B42964D5AC0A04AA5 /* [CP] Embed Pods Frameworks */,
			);
			buildRules = (
			);
			dependencies = (
			);
			name = EASY;
			productName = EASY;
			productReference = 2293543A21E25E7D000AC927 /* EASY.app */;
			productType = "com.apple.product-type.application";
		};
		2293544D21E25E80000AC927 /* EASYTests */ = {
			isa = PBXNativeTarget;
			buildConfigurationList = 2293546521E25E80000AC927 /* Build configuration list for PBXNativeTarget "EASYTests" */;
			buildPhases = (
				D75D3326B0F0C0C63406FEB8 /* [CP] Check Pods Manifest.lock */,
				2293544A21E25E80000AC927 /* Sources */,
				2293544B21E25E80000AC927 /* Frameworks */,
				2293544C21E25E80000AC927 /* Resources */,
			);
			buildRules = (
			);
			dependencies = (
				2293545021E25E80000AC927 /* PBXTargetDependency */,
			);
			name = EASYTests;
			productName = EASYTests;
			productReference = 2293544E21E25E80000AC927 /* EASYTests.xctest */;
			productType = "com.apple.product-type.bundle.unit-test";
		};
		2293545821E25E80000AC927 /* EASYUITests */ = {
			isa = PBXNativeTarget;
			buildConfigurationList = 2293546821E25E80000AC927 /* Build configuration list for PBXNativeTarget "EASYUITests" */;
			buildPhases = (
				ED3A0F4F2B3791DA10942364 /* [CP] Check Pods Manifest.lock */,
				2293545521E25E80000AC927 /* Sources */,
				2293545621E25E80000AC927 /* Frameworks */,
				2293545721E25E80000AC927 /* Resources */,
			);
			buildRules = (
			);
			dependencies = (
				2293545B21E25E80000AC927 /* PBXTargetDependency */,
			);
			name = EASYUITests;
			productName = EASYUITests;
			productReference = 2293545921E25E80000AC927 /* EASYUITests.xctest */;
			productType = "com.apple.product-type.bundle.ui-testing";
		};
/* End PBXNativeTarget section */

/* Begin PBXProject section */
		2293543221E25E7D000AC927 /* Project object */ = {
			isa = PBXProject;
			attributes = {
				LastSwiftUpdateCheck = 1010;
				LastUpgradeCheck = 1010;
				ORGANIZATIONNAME = "Rohit Saini";
				TargetAttributes = {
					2293543921E25E7D000AC927 = {
						CreatedOnToolsVersion = 10.1;
					};
					2293544D21E25E80000AC927 = {
						CreatedOnToolsVersion = 10.1;
						TestTargetID = 2293543921E25E7D000AC927;
					};
					2293545821E25E80000AC927 = {
						CreatedOnToolsVersion = 10.1;
						TestTargetID = 2293543921E25E7D000AC927;
					};
				};
			};
			buildConfigurationList = 2293543521E25E7D000AC927 /* Build configuration list for PBXProject "EASY" */;
			compatibilityVersion = "Xcode 9.3";
			developmentRegion = en;
			hasScannedForEncodings = 0;
			knownRegions = (
				en,
				Base,
			);
			mainGroup = 2293543121E25E7D000AC927;
			productRefGroup = 2293543B21E25E7D000AC927 /* Products */;
			projectDirPath = "";
			projectRoot = "";
			targets = (
				2293543921E25E7D000AC927 /* EASY */,
				2293544D21E25E80000AC927 /* EASYTests */,
				2293545821E25E80000AC927 /* EASYUITests */,
			);
		};
/* End PBXProject section */

/* Begin PBXResourcesBuildPhase section */
		2293543821E25E7D000AC927 /* Resources */ = {
			isa = PBXResourcesBuildPhase;
			buildActionMask = 2147483647;
			files = (
				2278F6C121ED1B8200DF524B /* GroupChat.storyboard in Resources */,
				2293544821E25E80000AC927 /* LaunchScreen.storyboard in Resources */,
				2293544521E25E80000AC927 /* Assets.xcassets in Resources */,
				2293544321E25E7D000AC927 /* Main.storyboard in Resources */,
				2278F6BD21ED1B3000DF524B /* Home.storyboard in Resources */,
				2293546C21E26355000AC927 /* GoogleService-Info.plist in Resources */,
				2278F6C321ED1B9800DF524B /* Settings.storyboard in Resources */,
				2278F6BF21ED1B6B00DF524B /* MyChat.storyboard in Resources */,
				2278F6B921ED1AF800DF524B /* CustomTabBarView.xib in Resources */,
				227065C621EDC6FA00FAA2B8 /* MyChatCell.xib in Resources */,
			);
			runOnlyForDeploymentPostprocessing = 0;
		};
		2293544C21E25E80000AC927 /* Resources */ = {
			isa = PBXResourcesBuildPhase;
			buildActionMask = 2147483647;
			files = (
			);
			runOnlyForDeploymentPostprocessing = 0;
		};
		2293545721E25E80000AC927 /* Resources */ = {
			isa = PBXResourcesBuildPhase;
			buildActionMask = 2147483647;
			files = (
			);
			runOnlyForDeploymentPostprocessing = 0;
		};
/* End PBXResourcesBuildPhase section */

/* Begin PBXShellScriptBuildPhase section */
		4E1CC631BD9E6648A70B871D /* [CP] Check Pods Manifest.lock */ = {
			isa = PBXShellScriptBuildPhase;
			buildActionMask = 2147483647;
			files = (
			);
			inputFileListPaths = (
			);
			inputPaths = (
				"${PODS_PODFILE_DIR_PATH}/Podfile.lock",
				"${PODS_ROOT}/Manifest.lock",
			);
			name = "[CP] Check Pods Manifest.lock";
			outputFileListPaths = (
			);
			outputPaths = (
				"$(DERIVED_FILE_DIR)/Pods-EASY-checkManifestLockResult.txt",
			);
			runOnlyForDeploymentPostprocessing = 0;
			shellPath = /bin/sh;
			shellScript = "diff \"${PODS_PODFILE_DIR_PATH}/Podfile.lock\" \"${PODS_ROOT}/Manifest.lock\" > /dev/null\nif [ $? != 0 ] ; then\n    # print error to STDERR\n    echo \"error: The sandbox is not in sync with the Podfile.lock. Run 'pod install' or update your CocoaPods installation.\" >&2\n    exit 1\nfi\n# This output is used by Xcode 'outputs' to avoid re-running this script phase.\necho \"SUCCESS\" > \"${SCRIPT_OUTPUT_FILE_0}\"\n";
			showEnvVarsInLog = 0;
		};
		A7B67A6B42964D5AC0A04AA5 /* [CP] Embed Pods Frameworks */ = {
			isa = PBXShellScriptBuildPhase;
			buildActionMask = 2147483647;
			files = (
			);
			inputFileListPaths = (
			);
			inputPaths = (
				"${SRCROOT}/Pods/Target Support Files/Pods-EASY/Pods-EASY-frameworks.sh",
				"${BUILT_PRODUCTS_DIR}/BoringSSL/openssl.framework",
				"${BUILT_PRODUCTS_DIR}/GTMSessionFetcher/GTMSessionFetcher.framework",
				"${BUILT_PRODUCTS_DIR}/GoogleUtilities/GoogleUtilities.framework",
				"${BUILT_PRODUCTS_DIR}/IQKeyboardManagerSwift/IQKeyboardManagerSwift.framework",
				"${BUILT_PRODUCTS_DIR}/NVActivityIndicatorView/NVActivityIndicatorView.framework",
				"${BUILT_PRODUCTS_DIR}/Protobuf/Protobuf.framework",
				"${BUILT_PRODUCTS_DIR}/Toaster/Toaster.framework",
				"${BUILT_PRODUCTS_DIR}/gRPC/GRPCClient.framework",
				"${BUILT_PRODUCTS_DIR}/gRPC-C++/grpcpp.framework",
				"${BUILT_PRODUCTS_DIR}/gRPC-Core/grpc.framework",
				"${BUILT_PRODUCTS_DIR}/gRPC-ProtoRPC/ProtoRPC.framework",
				"${BUILT_PRODUCTS_DIR}/gRPC-RxLibrary/RxLibrary.framework",
				"${BUILT_PRODUCTS_DIR}/leveldb-library/leveldb.framework",
				"${BUILT_PRODUCTS_DIR}/nanopb/nanopb.framework",
			);
			name = "[CP] Embed Pods Frameworks";
			outputFileListPaths = (
			);
			outputPaths = (
				"${TARGET_BUILD_DIR}/${FRAMEWORKS_FOLDER_PATH}/openssl.framework",
				"${TARGET_BUILD_DIR}/${FRAMEWORKS_FOLDER_PATH}/GTMSessionFetcher.framework",
				"${TARGET_BUILD_DIR}/${FRAMEWORKS_FOLDER_PATH}/GoogleUtilities.framework",
				"${TARGET_BUILD_DIR}/${FRAMEWORKS_FOLDER_PATH}/IQKeyboardManagerSwift.framework",
				"${TARGET_BUILD_DIR}/${FRAMEWORKS_FOLDER_PATH}/NVActivityIndicatorView.framework",
				"${TARGET_BUILD_DIR}/${FRAMEWORKS_FOLDER_PATH}/Protobuf.framework",
				"${TARGET_BUILD_DIR}/${FRAMEWORKS_FOLDER_PATH}/Toaster.framework",
				"${TARGET_BUILD_DIR}/${FRAMEWORKS_FOLDER_PATH}/GRPCClient.framework",
				"${TARGET_BUILD_DIR}/${FRAMEWORKS_FOLDER_PATH}/grpcpp.framework",
				"${TARGET_BUILD_DIR}/${FRAMEWORKS_FOLDER_PATH}/grpc.framework",
				"${TARGET_BUILD_DIR}/${FRAMEWORKS_FOLDER_PATH}/ProtoRPC.framework",
				"${TARGET_BUILD_DIR}/${FRAMEWORKS_FOLDER_PATH}/RxLibrary.framework",
				"${TARGET_BUILD_DIR}/${FRAMEWORKS_FOLDER_PATH}/leveldb.framework",
				"${TARGET_BUILD_DIR}/${FRAMEWORKS_FOLDER_PATH}/nanopb.framework",
			);
			runOnlyForDeploymentPostprocessing = 0;
			shellPath = /bin/sh;
			shellScript = "\"${SRCROOT}/Pods/Target Support Files/Pods-EASY/Pods-EASY-frameworks.sh\"\n";
			showEnvVarsInLog = 0;
		};
		D75D3326B0F0C0C63406FEB8 /* [CP] Check Pods Manifest.lock */ = {
			isa = PBXShellScriptBuildPhase;
			buildActionMask = 2147483647;
			files = (
			);
			inputFileListPaths = (
			);
			inputPaths = (
				"${PODS_PODFILE_DIR_PATH}/Podfile.lock",
				"${PODS_ROOT}/Manifest.lock",
			);
			name = "[CP] Check Pods Manifest.lock";
			outputFileListPaths = (
			);
			outputPaths = (
				"$(DERIVED_FILE_DIR)/Pods-EASYTests-checkManifestLockResult.txt",
			);
			runOnlyForDeploymentPostprocessing = 0;
			shellPath = /bin/sh;
			shellScript = "diff \"${PODS_PODFILE_DIR_PATH}/Podfile.lock\" \"${PODS_ROOT}/Manifest.lock\" > /dev/null\nif [ $? != 0 ] ; then\n    # print error to STDERR\n    echo \"error: The sandbox is not in sync with the Podfile.lock. Run 'pod install' or update your CocoaPods installation.\" >&2\n    exit 1\nfi\n# This output is used by Xcode 'outputs' to avoid re-running this script phase.\necho \"SUCCESS\" > \"${SCRIPT_OUTPUT_FILE_0}\"\n";
			showEnvVarsInLog = 0;
		};
		ED3A0F4F2B3791DA10942364 /* [CP] Check Pods Manifest.lock */ = {
			isa = PBXShellScriptBuildPhase;
			buildActionMask = 2147483647;
			files = (
			);
			inputFileListPaths = (
			);
			inputPaths = (
				"${PODS_PODFILE_DIR_PATH}/Podfile.lock",
				"${PODS_ROOT}/Manifest.lock",
			);
			name = "[CP] Check Pods Manifest.lock";
			outputFileListPaths = (
			);
			outputPaths = (
				"$(DERIVED_FILE_DIR)/Pods-EASYUITests-checkManifestLockResult.txt",
			);
			runOnlyForDeploymentPostprocessing = 0;
			shellPath = /bin/sh;
			shellScript = "diff \"${PODS_PODFILE_DIR_PATH}/Podfile.lock\" \"${PODS_ROOT}/Manifest.lock\" > /dev/null\nif [ $? != 0 ] ; then\n    # print error to STDERR\n    echo \"error: The sandbox is not in sync with the Podfile.lock. Run 'pod install' or update your CocoaPods installation.\" >&2\n    exit 1\nfi\n# This output is used by Xcode 'outputs' to avoid re-running this script phase.\necho \"SUCCESS\" > \"${SCRIPT_OUTPUT_FILE_0}\"\n";
			showEnvVarsInLog = 0;
		};
/* End PBXShellScriptBuildPhase section */

/* Begin PBXSourcesBuildPhase section */
		2293543621E25E7D000AC927 /* Sources */ = {
			isa = PBXSourcesBuildPhase;
			buildActionMask = 2147483647;
			files = (
				2278F6BA21ED1AF800DF524B /* CustomTabBarView.swift in Sources */,
				2278F6C921ED238400DF524B /* GroupChat.swift in Sources */,
				223A186C21EBB5BD004714D5 /* Utility.swift in Sources */,
				22F35ED221F104DA00C215BF /* ChatController.swift in Sources */,
				2278F6BB21ED1AF800DF524B /* CustomTabBarController.swift in Sources */,
				223009AE22056EE8003090A7 /* CustomView.swift in Sources */,
				2253F98A220382D600FF1AA8 /* JoinGroup.swift in Sources */,
				2251429022041FFB00880F04 /* Group.swift in Sources */,
				227065C521EDC6FA00FAA2B8 /* MyChatCell.swift in Sources */,
				2253F988220382C600FF1AA8 /* CreateGroup.swift in Sources */,
				2278F6CB21ED239400DF524B /* Settings.swift in Sources */,
				2278F6C521ED236800DF524B /* Home.swift in Sources */,
				223A186221EBAE8A004714D5 /* Register.swift in Sources */,
				223A186A21EBB322004714D5 /* Extensions.swift in Sources */,
				22103B07220EEB6A009CE3D3 /* CustomTextField.swift in Sources */,
				223A186721EBB1C1004714D5 /* GlobalConstant.swift in Sources */,
				223A186E21EBBB81004714D5 /* User.swift in Sources */,
				2293544021E25E7D000AC927 /* ViewController.swift in Sources */,
				2278F6C721ED237600DF524B /* MyChat.swift in Sources */,
				223A186421EBAEBF004714D5 /* LoginVC.swift in Sources */,
				2293543E21E25E7D000AC927 /* AppDelegate.swift in Sources */,
			);
			runOnlyForDeploymentPostprocessing = 0;
		};
		2293544A21E25E80000AC927 /* Sources */ = {
			isa = PBXSourcesBuildPhase;
			buildActionMask = 2147483647;
			files = (
				2293545321E25E80000AC927 /* EASYTests.swift in Sources */,
			);
			runOnlyForDeploymentPostprocessing = 0;
		};
		2293545521E25E80000AC927 /* Sources */ = {
			isa = PBXSourcesBuildPhase;
			buildActionMask = 2147483647;
			files = (
				2293545E21E25E80000AC927 /* EASYUITests.swift in Sources */,
			);
			runOnlyForDeploymentPostprocessing = 0;
		};
/* End PBXSourcesBuildPhase section */

/* Begin PBXTargetDependency section */
		2293545021E25E80000AC927 /* PBXTargetDependency */ = {
			isa = PBXTargetDependency;
			target = 2293543921E25E7D000AC927 /* EASY */;
			targetProxy = 2293544F21E25E80000AC927 /* PBXContainerItemProxy */;
		};
		2293545B21E25E80000AC927 /* PBXTargetDependency */ = {
			isa = PBXTargetDependency;
			target = 2293543921E25E7D000AC927 /* EASY */;
			targetProxy = 2293545A21E25E80000AC927 /* PBXContainerItemProxy */;
		};
/* End PBXTargetDependency section */

/* Begin PBXVariantGroup section */
		2293544121E25E7D000AC927 /* Main.storyboard */ = {
			isa = PBXVariantGroup;
			children = (
				2293544221E25E7D000AC927 /* Base */,
			);
			name = Main.storyboard;
			sourceTree = "<group>";
		};
		2293544621E25E80000AC927 /* LaunchScreen.storyboard */ = {
			isa = PBXVariantGroup;
			children = (
				2293544721E25E80000AC927 /* Base */,
			);
			name = LaunchScreen.storyboard;
			sourceTree = "<group>";
		};
/* End PBXVariantGroup section */

/* Begin XCBuildConfiguration section */
		2293546021E25E80000AC927 /* Debug */ = {
			isa = XCBuildConfiguration;
			buildSettings = {
				ALWAYS_SEARCH_USER_PATHS = NO;
				CLANG_ANALYZER_NONNULL = YES;
				CLANG_ANALYZER_NUMBER_OBJECT_CONVERSION = YES_AGGRESSIVE;
				CLANG_CXX_LANGUAGE_STANDARD = "gnu++14";
				CLANG_CXX_LIBRARY = "libc++";
				CLANG_ENABLE_MODULES = YES;
				CLANG_ENABLE_OBJC_ARC = YES;
				CLANG_ENABLE_OBJC_WEAK = YES;
				CLANG_WARN_BLOCK_CAPTURE_AUTORELEASING = YES;
				CLANG_WARN_BOOL_CONVERSION = YES;
				CLANG_WARN_COMMA = YES;
				CLANG_WARN_CONSTANT_CONVERSION = YES;
				CLANG_WARN_DEPRECATED_OBJC_IMPLEMENTATIONS = YES;
				CLANG_WARN_DIRECT_OBJC_ISA_USAGE = YES_ERROR;
				CLANG_WARN_DOCUMENTATION_COMMENTS = YES;
				CLANG_WARN_EMPTY_BODY = YES;
				CLANG_WARN_ENUM_CONVERSION = YES;
				CLANG_WARN_INFINITE_RECURSION = YES;
				CLANG_WARN_INT_CONVERSION = YES;
				CLANG_WARN_NON_LITERAL_NULL_CONVERSION = YES;
				CLANG_WARN_OBJC_IMPLICIT_RETAIN_SELF = YES;
				CLANG_WARN_OBJC_LITERAL_CONVERSION = YES;
				CLANG_WARN_OBJC_ROOT_CLASS = YES_ERROR;
				CLANG_WARN_RANGE_LOOP_ANALYSIS = YES;
				CLANG_WARN_STRICT_PROTOTYPES = YES;
				CLANG_WARN_SUSPICIOUS_MOVE = YES;
				CLANG_WARN_UNGUARDED_AVAILABILITY = YES_AGGRESSIVE;
				CLANG_WARN_UNREACHABLE_CODE = YES;
				CLANG_WARN__DUPLICATE_METHOD_MATCH = YES;
				CODE_SIGN_IDENTITY = "iPhone Developer";
				COPY_PHASE_STRIP = NO;
				DEBUG_INFORMATION_FORMAT = dwarf;
				ENABLE_STRICT_OBJC_MSGSEND = YES;
				ENABLE_TESTABILITY = YES;
				GCC_C_LANGUAGE_STANDARD = gnu11;
				GCC_DYNAMIC_NO_PIC = NO;
				GCC_NO_COMMON_BLOCKS = YES;
				GCC_OPTIMIZATION_LEVEL = 0;
				GCC_PREPROCESSOR_DEFINITIONS = (
					"DEBUG=1",
					"$(inherited)",
				);
				GCC_WARN_64_TO_32_BIT_CONVERSION = YES;
				GCC_WARN_ABOUT_RETURN_TYPE = YES_ERROR;
				GCC_WARN_UNDECLARED_SELECTOR = YES;
				GCC_WARN_UNINITIALIZED_AUTOS = YES_AGGRESSIVE;
				GCC_WARN_UNUSED_FUNCTION = YES;
				GCC_WARN_UNUSED_VARIABLE = YES;
				IPHONEOS_DEPLOYMENT_TARGET = 12.1;
				MTL_ENABLE_DEBUG_INFO = INCLUDE_SOURCE;
				MTL_FAST_MATH = YES;
				ONLY_ACTIVE_ARCH = YES;
				SDKROOT = iphoneos;
				SWIFT_ACTIVE_COMPILATION_CONDITIONS = DEBUG;
				SWIFT_OPTIMIZATION_LEVEL = "-Onone";
			};
			name = Debug;
		};
		2293546121E25E80000AC927 /* Release */ = {
			isa = XCBuildConfiguration;
			buildSettings = {
				ALWAYS_SEARCH_USER_PATHS = NO;
				CLANG_ANALYZER_NONNULL = YES;
				CLANG_ANALYZER_NUMBER_OBJECT_CONVERSION = YES_AGGRESSIVE;
				CLANG_CXX_LANGUAGE_STANDARD = "gnu++14";
				CLANG_CXX_LIBRARY = "libc++";
				CLANG_ENABLE_MODULES = YES;
				CLANG_ENABLE_OBJC_ARC = YES;
				CLANG_ENABLE_OBJC_WEAK = YES;
				CLANG_WARN_BLOCK_CAPTURE_AUTORELEASING = YES;
				CLANG_WARN_BOOL_CONVERSION = YES;
				CLANG_WARN_COMMA = YES;
				CLANG_WARN_CONSTANT_CONVERSION = YES;
				CLANG_WARN_DEPRECATED_OBJC_IMPLEMENTATIONS = YES;
				CLANG_WARN_DIRECT_OBJC_ISA_USAGE = YES_ERROR;
				CLANG_WARN_DOCUMENTATION_COMMENTS = YES;
				CLANG_WARN_EMPTY_BODY = YES;
				CLANG_WARN_ENUM_CONVERSION = YES;
				CLANG_WARN_INFINITE_RECURSION = YES;
				CLANG_WARN_INT_CONVERSION = YES;
				CLANG_WARN_NON_LITERAL_NULL_CONVERSION = YES;
				CLANG_WARN_OBJC_IMPLICIT_RETAIN_SELF = YES;
				CLANG_WARN_OBJC_LITERAL_CONVERSION = YES;
				CLANG_WARN_OBJC_ROOT_CLASS = YES_ERROR;
				CLANG_WARN_RANGE_LOOP_ANALYSIS = YES;
				CLANG_WARN_STRICT_PROTOTYPES = YES;
				CLANG_WARN_SUSPICIOUS_MOVE = YES;
				CLANG_WARN_UNGUARDED_AVAILABILITY = YES_AGGRESSIVE;
				CLANG_WARN_UNREACHABLE_CODE = YES;
				CLANG_WARN__DUPLICATE_METHOD_MATCH = YES;
				CODE_SIGN_IDENTITY = "iPhone Developer";
				COPY_PHASE_STRIP = NO;
				DEBUG_INFORMATION_FORMAT = "dwarf-with-dsym";
				ENABLE_NS_ASSERTIONS = NO;
				ENABLE_STRICT_OBJC_MSGSEND = YES;
				GCC_C_LANGUAGE_STANDARD = gnu11;
				GCC_NO_COMMON_BLOCKS = YES;
				GCC_WARN_64_TO_32_BIT_CONVERSION = YES;
				GCC_WARN_ABOUT_RETURN_TYPE = YES_ERROR;
				GCC_WARN_UNDECLARED_SELECTOR = YES;
				GCC_WARN_UNINITIALIZED_AUTOS = YES_AGGRESSIVE;
				GCC_WARN_UNUSED_FUNCTION = YES;
				GCC_WARN_UNUSED_VARIABLE = YES;
				IPHONEOS_DEPLOYMENT_TARGET = 12.1;
				MTL_ENABLE_DEBUG_INFO = NO;
				MTL_FAST_MATH = YES;
				SDKROOT = iphoneos;
				SWIFT_COMPILATION_MODE = wholemodule;
				SWIFT_OPTIMIZATION_LEVEL = "-O";
				VALIDATE_PRODUCT = YES;
			};
			name = Release;
		};
		2293546321E25E80000AC927 /* Debug */ = {
			isa = XCBuildConfiguration;
			baseConfigurationReference = EA567D7BB5A50787232120D9 /* Pods-EASY.debug.xcconfig */;
			buildSettings = {
				ASSETCATALOG_COMPILER_APPICON_NAME = AppIcon;
				CODE_SIGN_STYLE = Automatic;
				DEVELOPMENT_TEAM = 6Q233F3ZPX;
				INFOPLIST_FILE = EASY/Info.plist;
				IPHONEOS_DEPLOYMENT_TARGET = 11.4;
				LD_RUNPATH_SEARCH_PATHS = (
					"$(inherited)",
					"@executable_path/Frameworks",
				);
				PRODUCT_BUNDLE_IDENTIFIER = com.app.EASY;
				PRODUCT_NAME = "$(TARGET_NAME)";
				SWIFT_VERSION = 4.2;
				TARGETED_DEVICE_FAMILY = "1,2";
			};
			name = Debug;
		};
		2293546421E25E80000AC927 /* Release */ = {
			isa = XCBuildConfiguration;
			baseConfigurationReference = 946158E844F43EEA1AA185DC /* Pods-EASY.release.xcconfig */;
			buildSettings = {
				ASSETCATALOG_COMPILER_APPICON_NAME = AppIcon;
				CODE_SIGN_STYLE = Automatic;
				DEVELOPMENT_TEAM = 6Q233F3ZPX;
				INFOPLIST_FILE = EASY/Info.plist;
				IPHONEOS_DEPLOYMENT_TARGET = 11.4;
				LD_RUNPATH_SEARCH_PATHS = (
					"$(inherited)",
					"@executable_path/Frameworks",
				);
				PRODUCT_BUNDLE_IDENTIFIER = com.app.EASY;
				PRODUCT_NAME = "$(TARGET_NAME)";
				SWIFT_VERSION = 4.2;
				TARGETED_DEVICE_FAMILY = "1,2";
			};
			name = Release;
		};
		2293546621E25E80000AC927 /* Debug */ = {
			isa = XCBuildConfiguration;
			baseConfigurationReference = D69F02B5CAEB104A253EDC84 /* Pods-EASYTests.debug.xcconfig */;
			buildSettings = {
				ALWAYS_EMBED_SWIFT_STANDARD_LIBRARIES = YES;
				BUNDLE_LOADER = "$(TEST_HOST)";
				CODE_SIGN_STYLE = Automatic;
				DEVELOPMENT_TEAM = 6Q233F3ZPX;
				INFOPLIST_FILE = EASYTests/Info.plist;
				LD_RUNPATH_SEARCH_PATHS = (
					"$(inherited)",
					"@executable_path/Frameworks",
					"@loader_path/Frameworks",
				);
				PRODUCT_BUNDLE_IDENTIFIER = com.app.EASYTests;
				PRODUCT_NAME = "$(TARGET_NAME)";
				SWIFT_VERSION = 4.2;
				TARGETED_DEVICE_FAMILY = "1,2";
				TEST_HOST = "$(BUILT_PRODUCTS_DIR)/EASY.app/EASY";
			};
			name = Debug;
		};
		2293546721E25E80000AC927 /* Release */ = {
			isa = XCBuildConfiguration;
			baseConfigurationReference = 45519EA86E019E165059BC48 /* Pods-EASYTests.release.xcconfig */;
			buildSettings = {
				ALWAYS_EMBED_SWIFT_STANDARD_LIBRARIES = YES;
				BUNDLE_LOADER = "$(TEST_HOST)";
				CODE_SIGN_STYLE = Automatic;
				DEVELOPMENT_TEAM = 6Q233F3ZPX;
				INFOPLIST_FILE = EASYTests/Info.plist;
				LD_RUNPATH_SEARCH_PATHS = (
					"$(inherited)",
					"@executable_path/Frameworks",
					"@loader_path/Frameworks",
				);
				PRODUCT_BUNDLE_IDENTIFIER = com.app.EASYTests;
				PRODUCT_NAME = "$(TARGET_NAME)";
				SWIFT_VERSION = 4.2;
				TARGETED_DEVICE_FAMILY = "1,2";
				TEST_HOST = "$(BUILT_PRODUCTS_DIR)/EASY.app/EASY";
			};
			name = Release;
		};
		2293546921E25E80000AC927 /* Debug */ = {
			isa = XCBuildConfiguration;
			baseConfigurationReference = 46BBB7CFD6E160F702E84E36 /* Pods-EASYUITests.debug.xcconfig */;
			buildSettings = {
				ALWAYS_EMBED_SWIFT_STANDARD_LIBRARIES = YES;
				CODE_SIGN_STYLE = Automatic;
				DEVELOPMENT_TEAM = 6Q233F3ZPX;
				INFOPLIST_FILE = EASYUITests/Info.plist;
				LD_RUNPATH_SEARCH_PATHS = (
					"$(inherited)",
					"@executable_path/Frameworks",
					"@loader_path/Frameworks",
				);
				PRODUCT_BUNDLE_IDENTIFIER = com.app.EASYUITests;
				PRODUCT_NAME = "$(TARGET_NAME)";
				SWIFT_VERSION = 4.2;
				TARGETED_DEVICE_FAMILY = "1,2";
				TEST_TARGET_NAME = EASY;
			};
			name = Debug;
		};
		2293546A21E25E80000AC927 /* Release */ = {
			isa = XCBuildConfiguration;
			baseConfigurationReference = 9C0C496AFC5094DE0D77F655 /* Pods-EASYUITests.release.xcconfig */;
			buildSettings = {
				ALWAYS_EMBED_SWIFT_STANDARD_LIBRARIES = YES;
				CODE_SIGN_STYLE = Automatic;
				DEVELOPMENT_TEAM = 6Q233F3ZPX;
				INFOPLIST_FILE = EASYUITests/Info.plist;
				LD_RUNPATH_SEARCH_PATHS = (
					"$(inherited)",
					"@executable_path/Frameworks",
					"@loader_path/Frameworks",
				);
				PRODUCT_BUNDLE_IDENTIFIER = com.app.EASYUITests;
				PRODUCT_NAME = "$(TARGET_NAME)";
				SWIFT_VERSION = 4.2;
				TARGETED_DEVICE_FAMILY = "1,2";
				TEST_TARGET_NAME = EASY;
			};
			name = Release;
		};
/* End XCBuildConfiguration section */

/* Begin XCConfigurationList section */
		2293543521E25E7D000AC927 /* Build configuration list for PBXProject "EASY" */ = {
			isa = XCConfigurationList;
			buildConfigurations = (
				2293546021E25E80000AC927 /* Debug */,
				2293546121E25E80000AC927 /* Release */,
			);
			defaultConfigurationIsVisible = 0;
			defaultConfigurationName = Release;
		};
		2293546221E25E80000AC927 /* Build configuration list for PBXNativeTarget "EASY" */ = {
			isa = XCConfigurationList;
			buildConfigurations = (
				2293546321E25E80000AC927 /* Debug */,
				2293546421E25E80000AC927 /* Release */,
			);
			defaultConfigurationIsVisible = 0;
			defaultConfigurationName = Release;
		};
		2293546521E25E80000AC927 /* Build configuration list for PBXNativeTarget "EASYTests" */ = {
			isa = XCConfigurationList;
			buildConfigurations = (
				2293546621E25E80000AC927 /* Debug */,
				2293546721E25E80000AC927 /* Release */,
			);
			defaultConfigurationIsVisible = 0;
			defaultConfigurationName = Release;
		};
		2293546821E25E80000AC927 /* Build configuration list for PBXNativeTarget "EASYUITests" */ = {
			isa = XCConfigurationList;
			buildConfigurations = (
				2293546921E25E80000AC927 /* Debug */,
				2293546A21E25E80000AC927 /* Release */,
			);
			defaultConfigurationIsVisible = 0;
			defaultConfigurationName = Release;
		};
/* End XCConfigurationList section */
	};
	rootObject = 2293543221E25E7D000AC927 /* Project object */;
}
